<Solution>
  <Folder Name="/Root/">
    <File Path="docker-compose.yml" />
    <File Path="Dockerfile" />
  </Folder>
  <Project Path="PgReorder.App\PgReorder.App.csproj" Type="Classic C#" />
  <Project Path="PgReorder.Core\PgReorder.Core.csproj" Type="Classic C#" />
  <Project Path="PgReorder.Tests\PgReorder.Tests.csproj" Type="Classic C#" />
</Solution>